
Microsoft Visual Studio Solution File, Format Version 12.00
# Visual Studio Version 16
VisualStudioVersion = 16.0.30114.105
MinimumVisualStudioVersion = 10.0.40219.1
Project("{F2A71F9B-5D33-465A-A702-920D77279786}") = "Html2Feliz", "src\Html2Feliz.fsproj", "{045DC5D7-F09D-4B5C-8B8C-039A527AC54C}"
EndProject
Global
	GlobalSection(SolutionConfigurationPlatforms) = preSolution
		Debug|Any CPU = Debug|Any CPU
		Release|Any CPU = Release|Any CPU
	EndGlobalSection
	GlobalSection(SolutionProperties) = preSolution
		HideSolutionNode = FALSE
	EndGlobalSection
	GlobalSection(ProjectConfigurationPlatforms) = postSolution
		{045DC5D7-F09D-4B5C-8B8C-039A527AC54C}.Debug|Any CPU.ActiveCfg = Debug|Any CPU
		{045DC5D7-F09D-4B5C-8B8C-039A527AC54C}.Debug|Any CPU.Build.0 = Debug|Any CPU
		{045DC5D7-F09D-4B5C-8B8C-039A527AC54C}.Release|Any CPU.ActiveCfg = Release|Any CPU
		{045DC5D7-F09D-4B5C-8B8C-039A527AC54C}.Release|Any CPU.Build.0 = Release|Any CPU
	EndGlobalSection
EndGlobal
